// !$*UTF8*$!
{
	archiveVersion = 1;
	classes = {
	};
	objectVersion = 46;
	objects = {

/* Begin PBXBuildFile section */
		689347571CF2742A00FD694F /* AppDelegate.swift in Sources */ = {isa = PBXBuildFile; fileRef = 689347561CF2742A00FD694F /* AppDelegate.swift */; };
		689347591CF2742A00FD694F /* ViewController.swift in Sources */ = {isa = PBXBuildFile; fileRef = 689347581CF2742A00FD694F /* ViewController.swift */; };
		6893475C1CF2742A00FD694F /* Main.storyboard in Resources */ = {isa = PBXBuildFile; fileRef = 6893475A1CF2742A00FD694F /* Main.storyboard */; };
		6893475E1CF2742A00FD694F /* Assets.xcassets in Resources */ = {isa = PBXBuildFile; fileRef = 6893475D1CF2742A00FD694F /* Assets.xcassets */; };
		689347611CF2742A00FD694F /* LaunchScreen.storyboard in Resources */ = {isa = PBXBuildFile; fileRef = 6893475F1CF2742A00FD694F /* LaunchScreen.storyboard */; };
		689347691CF2745500FD694F /* Datos.swift in Sources */ = {isa = PBXBuildFile; fileRef = 689347681CF2745500FD694F /* Datos.swift */; };
/* End PBXBuildFile section */

/* Begin PBXFileReference section */
		689347531CF2742A00FD694F /* Hamburguesas.app */ = {isa = PBXFileReference; explicitFileType = wrapper.application; includeInIndex = 0; path = Hamburguesas.app; sourceTree = BUILT_PRODUCTS_DIR; };
		689347561CF2742A00FD694F /* AppDelegate.swift */ = {isa = PBXFileReference; lastKnownFileType = sourcecode.swift; path = AppDelegate.swift; sourceTree = "<group>"; };
		689347581CF2742A00FD694F /* ViewController.swift */ = {isa = PBXFileReference; lastKnownFileType = sourcecode.swift; path = ViewController.swift; sourceTree = "<group>"; };
		6893475B1CF2742A00FD694F /* Base */ = {isa = PBXFileReference; lastKnownFileType = file.storyboard; name = Base; path = Base.lproj/Main.storyboard; sourceTree = "<group>"; };
		6893475D1CF2742A00FD694F /* Assets.xcassets */ = {isa = PBXFileReference; lastKnownFileType = folder.assetcatalog; path = Assets.xcassets; sourceTree = "<group>"; };
		689347601CF2742A00FD694F /* Base */ = {isa = PBXFileReference; lastKnownFileType = file.storyboard; name = Base; path = Base.lproj/LaunchScreen.storyboard; sourceTree = "<group>"; };
		689347621CF2742A00FD694F /* Info.plist */ = {isa = PBXFileReference; lastKnownFileType = text.plist.xml; path = Info.plist; sourceTree = "<group>"; };
		689347681CF2745500FD694F /* Datos.swift */ = {isa = PBXFileReference; fileEncoding = 4; lastKnownFileType = sourcecode.swift; path = Datos.swift; sourceTree = "<group>"; };
/* End PBXFileReference section */

/* Begin PBXFrameworksBuildPhase section */
		689347501CF2742A00FD694F /* Frameworks */ = {
			isa = PBXFrameworksBuildPhase;
			buildActionMask = 2147483647;
			files = (
			);
			runOnlyForDeploymentPostprocessing = 0;
		};
/* End PBXFrameworksBuildPhase section */

/* Begin PBXGroup section */
		6893474A1CF2742A00FD694F = {
			isa = PBXGroup;
			children = (
				689347551CF2742A00FD694F /* Hamburguesas */,
				689347541CF2742A00FD694F /* Products */,
			);
			sourceTree = "<group>";
		};
		689347541CF2742A00FD694F /* Products */ = {
			isa = PBXGroup;
			children = (
				689347531CF2742A00FD694F /* Hamburguesas.app */,
			);
			name = Products;
			sourceTree = "<group>";
		};
		689347551CF2742A00FD694F /* Hamburguesas */ = {
			isa = PBXGroup;
			children = (
				689347561CF2742A00FD694F /* AppDelegate.swift */,
				689347581CF2742A00FD694F /* ViewController.swift */,
				6893475A1CF2742A00FD694F /* Main.storyboard */,
				6893475D1CF2742A00FD694F /* Assets.xcassets */,
				6893475F1CF2742A00FD694F /* LaunchScreen.storyboard */,
				689347621CF2742A00FD694F /* Info.plist */,
				689347681CF2745500FD694F /* Datos.swift */,
			);
			path = Hamburguesas;
			sourceTree = "<group>";
		};
/* End PBXGroup section */

/* Begin PBXNativeTarget section */
		689347521CF2742A00FD694F /* Hamburguesas */ = {
			isa = PBXNativeTarget;
			buildConfigurationList = 689347651CF2742A00FD694F /* Build configuration list for PBXNativeTarget "Hamburguesas" */;
			buildPhases = (
				6893474F1CF2742A00FD694F /* Sources */,
				689347501CF2742A00FD694F /* Frameworks */,
				689347511CF2742A00FD694F /* Resources */,
			);
			buildRules = (
			);
			dependencies = (
			);
			name = Hamburguesas;
			productName = Hamburguesas;
			productReference = 689347531CF2742A00FD694F /* Hamburguesas.app */;
			productType = "com.apple.product-type.application";
		};
/* End PBXNativeTarget section */

/* Begin PBXProject section */
		6893474B1CF2742A00FD694F /* Project object */ = {
			isa = PBXProject;
			attributes = {
				LastSwiftUpdateCheck = 0730;
				LastUpgradeCheck = 0730;
				ORGANIZATIONNAME = innovait;
				TargetAttributes = {
					689347521CF2742A00FD694F = {
						CreatedOnToolsVersion = 7.3;
					};
				};
			};
			buildConfigurationList = 6893474E1CF2742A00FD694F /* Build configuration list for PBXProject "Hamburguesas" */;
			compatibilityVersion = "Xcode 3.2";
			developmentRegion = English;
			hasScannedForEncodings = 0;
			knownRegions = (
				en,
				Base,
			);
			mainGroup = 6893474A1CF2742A00FD694F;
			productRefGroup = 689347541CF2742A00FD694F /* Products */;
			projectDirPath = "";
			projectRoot = "";
			targets = (
				689347521CF2742A00FD694F /* Hamburguesas */,
			);
		};
/* End PBXProject section */

/* Begin PBXResourcesBuildPhase section */
		689347511CF2742A00FD694F /* Resources */ = {
			isa = PBXResourcesBuildPhase;
			buildActionMask = 2147483647;
			files = (
				689347611CF2742A00FD694F /* LaunchScreen.storyboard in Resources */,
				6893475E1CF2742A00FD694F /* Assets.xcassets in Resources */,
				6893475C1CF2742A00FD694F /* Main.storyboard in Resources */,
			);
			runOnlyForDeploymentPostprocessing = 0;
		};
/* End PBXResourcesBuildPhase section */

/* Begin PBXSourcesBuildPhase section */
		6893474F1CF2742A00FD694F /* Sources */ = {
			isa = PBXSourcesBuildPhase;
			buildActionMask = 2147483647;
			files = (
				689347591CF2742A00FD694F /* ViewController.swift in Sources */,
				689347571CF2742A00FD694F /* AppDelegate.swift in Sources */,
				689347691CF2745500FD694F /* Datos.swift in Sources */,
			);
			runOnlyForDeploymentPostprocessing = 0;
		};
/* End PBXSourcesBuildPhase section */

/* Begin PBXVariantGroup section */
		6893475A1CF2742A00FD694F /* Main.storyboard */ = {
			isa = PBXVariantGroup;
			children = (
				6893475B1CF2742A00FD694F /* Base */,
			);
			name = Main.storyboard;
			sourceTree = "<group>";
		};
		6893475F1CF2742A00FD694F /* LaunchScreen.storyboard */ = {
			isa = PBXVariantGroup;
			children = (
				689347601CF2742A00FD694F /* Base */,
			);
			name = LaunchScreen.storyboard;
			sourceTree = "<group>";
		};
/* End PBXVariantGroup section */

/* Begin XCBuildConfiguration section */
		689347631CF2742A00FD694F /* Debug */ = {
			isa = XCBuildConfiguration;
			buildSettings = {
				ALWAYS_SEARCH_USER_PATHS = NO;
				CLANG_ANALYZER_NONNULL = YES;
				CLANG_CXX_LANGUAGE_STANDARD = "gnu++0x";
				CLANG_CXX_LIBRARY = "libc++";
				CLANG_ENABLE_MODULES = YES;
				CLANG_ENABLE_OBJC_ARC = YES;
				CLANG_WARN_BOOL_CONVERSION = YES;
				CLANG_WARN_CONSTANT_CONVERSION = YES;
				CLANG_WARN_DIRECT_OBJC_ISA_USAGE = YES_ERROR;
				CLANG_WARN_EMPTY_BODY = YES;
				CLANG_WARN_ENUM_CONVERSION = YES;
				CLANG_WARN_INT_CONVERSION = YES;
				CLANG_WARN_OBJC_ROOT_CLASS = YES_ERROR;
				CLANG_WARN_UNREACHABLE_CODE = YES;
				CLANG_WARN__DUPLICATE_METHOD_MATCH = YES;
				"CODE_SIGN_IDENTITY[sdk=iphoneos*]" = "iPhone Developer";
				COPY_PHASE_STRIP = NO;
				DEBUG_INFORMATION_FORMAT = dwarf;
				ENABLE_STRICT_OBJC_MSGSEND = YES;
				ENABLE_TESTABILITY = YES;
				GCC_C_LANGUAGE_STANDARD = gnu99;
				GCC_DYNAMIC_NO_PIC = NO;
				GCC_NO_COMMON_BLOCKS = YES;
				GCC_OPTIMIZATION_LEVEL = 0;
				GCC_PREPROCESSOR_DEFINITIONS = (
					"DEBUG=1",
					"$(inherited)",
				);
				GCC_WARN_64_TO_32_BIT_CONVERSION = YES;
				GCC_WARN_ABOUT_RETURN_TYPE = YES_ERROR;
				GCC_WARN_UNDECLARED_SELECTOR = YES;
				GCC_WARN_UNINITIALIZED_AUTOS = YES_AGGRESSIVE;
				GCC_WARN_UNUSED_FUNCTION = YES;
				GCC_WARN_UNUSED_VARIABLE = YES;
				IPHONEOS_DEPLOYMENT_TARGET = 9.3;
				MTL_ENABLE_DEBUG_INFO = YES;
				ONLY_ACTIVE_ARCH = YES;
				SDKROOT = iphoneos;
				SWIFT_OPTIMIZATION_LEVEL = "-Onone";
			};
			name = Debug;
		};
		689347641CF2742A00FD694F /* Release */ = {
			isa = XCBuildConfiguration;
			buildSettings = {
				ALWAYS_SEARCH_USER_PATHS = NO;
				CLANG_ANALYZER_NONNULL = YES;
				CLANG_CXX_LANGUAGE_STANDARD = "gnu++0x";
				CLANG_CXX_LIBRARY = "libc++";
				CLANG_ENABLE_MODULES = YES;
				CLANG_ENABLE_OBJC_ARC = YES;
				CLANG_WARN_BOOL_CONVERSION = YES;
				CLANG_WARN_CONSTANT_CONVERSION = YES;
				CLANG_WARN_DIRECT_OBJC_ISA_USAGE = YES_ERROR;
				CLANG_WARN_EMPTY_BODY = YES;
				CLANG_WARN_ENUM_CONVERSION = YES;
				CLANG_WARN_INT_CONVERSION = YES;
				CLANG_WARN_OBJC_ROOT_CLASS = YES_ERROR;
				CLANG_WARN_UNREACHABLE_CODE = YES;
				CLANG_WARN__DUPLICATE_METHOD_MATCH = YES;
				"CODE_SIGN_IDENTITY[sdk=iphoneos*]" = "iPhone Developer";
				COPY_PHASE_STRIP = NO;
				DEBUG_INFORMATION_FORMAT = "dwarf-with-dsym";
				ENABLE_NS_ASSERTIONS = NO;
				ENABLE_STRICT_OBJC_MSGSEND = YES;
				GCC_C_LANGUAGE_STANDARD = gnu99;
				GCC_NO_COMMON_BLOCKS = YES;
				GCC_WARN_64_TO_32_BIT_CONVERSION = YES;
				GCC_WARN_ABOUT_RETURN_TYPE = YES_ERROR;
				GCC_WARN_UNDECLARED_SELECTOR = YES;
				GCC_WARN_UNINITIALIZED_AUTOS = YES_AGGRESSIVE;
				GCC_WARN_UNUSED_FUNCTION = YES;
				GCC_WARN_UNUSED_VARIABLE = YES;
				IPHONEOS_DEPLOYMENT_TARGET = 9.3;
				MTL_ENABLE_DEBUG_INFO = NO;
				SDKROOT = iphoneos;
				VALIDATE_PRODUCT = YES;
			};
			name = Release;
		};
		689347661CF2742A00FD694F /* Debug */ = {
			isa = XCBuildConfiguration;
			buildSettings = {
				ASSETCATALOG_COMPILER_APPICON_NAME = AppIcon;
				INFOPLIST_FILE = Hamburguesas/Info.plist;
				LD_RUNPATH_SEARCH_PATHS = "$(inherited) @executable_path/Frameworks";
				PRODUCT_BUNDLE_IDENTIFIER = mx.innovait.Hamburguesas;
				PRODUCT_NAME = "$(TARGET_NAME)";
			};
			name = Debug;
		};
		689347671CF2742A00FD694F /* Release */ = {
			isa = XCBuildConfiguration;
			buildSettings = {
				ASSETCATALOG_COMPILER_APPICON_NAME = AppIcon;
				INFOPLIST_FILE = Hamburguesas/Info.plist;
				LD_RUNPATH_SEARCH_PATHS = "$(inherited) @executable_path/Frameworks";
				PRODUCT_BUNDLE_IDENTIFIER = mx.innovait.Hamburguesas;
				PRODUCT_NAME = "$(TARGET_NAME)";
			};
			name = Release;
		};
/* End XCBuildConfiguration section */

/* Begin XCConfigurationList section */
		6893474E1CF2742A00FD694F /* Build configuration list for PBXProject "Hamburguesas" */ = {
			isa = XCConfigurationList;
			buildConfigurations = (
				689347631CF2742A00FD694F /* Debug */,
				689347641CF2742A00FD694F /* Release */,
			);
			defaultConfigurationIsVisible = 0;
			defaultConfigurationName = Release;
		};
		689347651CF2742A00FD694F /* Build configuration list for PBXNativeTarget "Hamburguesas" */ = {
			isa = XCConfigurationList;
			buildConfigurations = (
				689347661CF2742A00FD694F /* Debug */,
				689347671CF2742A00FD694F /* Release */,
			);
			defaultConfigurationIsVisible = 0;
		};
/* End XCConfigurationList section */
	};
	rootObject = 6893474B1CF2742A00FD694F /* Project object */;
}
